
Microsoft Visual Studio Solution File, Format Version 12.00
# Visual Studio Version 16
VisualStudioVersion = 16.0.29519.87
MinimumVisualStudioVersion = 10.0.40219.1
Project("{FAE04EC0-301F-11D3-BF4B-00C04F79EFBC}") = "SingletonDemo", "Skoleni_01\SingletonDemo.csproj", "{41D35C85-8119-44C7-90F4-6BC0EF84F49B}"
EndProject
Project("{FAE04EC0-301F-11D3-BF4B-00C04F79EFBC}") = "FactoryMethodDemo", "FactoryMethodDemo\FactoryMethodDemo.csproj", "{0E7D95C7-5C2F-4798-9624-2DAA27727744}"
EndProject
Project("{FAE04EC0-301F-11D3-BF4B-00C04F79EFBC}") = "AbstractFactoryDemo", "AbstractFactoryDemo\AbstractFactoryDemo.csproj", "{14852D0E-64E8-4B7A-BBFB-B071F2C3C4A3}"
EndProject
Global
	GlobalSection(SolutionConfigurationPlatforms) = preSolution
		Debug|Any CPU = Debug|Any CPU
		Release|Any CPU = Release|Any CPU
	EndGlobalSection
	GlobalSection(ProjectConfigurationPlatforms) = postSolution
		{41D35C85-8119-44C7-90F4-6BC0EF84F49B}.Debug|Any CPU.ActiveCfg = Debug|Any CPU
		{41D35C85-8119-44C7-90F4-6BC0EF84F49B}.Debug|Any CPU.Build.0 = Debug|Any CPU
		{41D35C85-8119-44C7-90F4-6BC0EF84F49B}.Release|Any CPU.ActiveCfg = Release|Any CPU
		{41D35C85-8119-44C7-90F4-6BC0EF84F49B}.Release|Any CPU.Build.0 = Release|Any CPU
		{0E7D95C7-5C2F-4798-9624-2DAA27727744}.Debug|Any CPU.ActiveCfg = Debug|Any CPU
		{0E7D95C7-5C2F-4798-9624-2DAA27727744}.Debug|Any CPU.Build.0 = Debug|Any CPU
		{0E7D95C7-5C2F-4798-9624-2DAA27727744}.Release|Any CPU.ActiveCfg = Release|Any CPU
		{0E7D95C7-5C2F-4798-9624-2DAA27727744}.Release|Any CPU.Build.0 = Release|Any CPU
		{14852D0E-64E8-4B7A-BBFB-B071F2C3C4A3}.Debug|Any CPU.ActiveCfg = Debug|Any CPU
		{14852D0E-64E8-4B7A-BBFB-B071F2C3C4A3}.Debug|Any CPU.Build.0 = Debug|Any CPU
		{14852D0E-64E8-4B7A-BBFB-B071F2C3C4A3}.Release|Any CPU.ActiveCfg = Release|Any CPU
		{14852D0E-64E8-4B7A-BBFB-B071F2C3C4A3}.Release|Any CPU.Build.0 = Release|Any CPU
	EndGlobalSection
	GlobalSection(SolutionProperties) = preSolution
		HideSolutionNode = FALSE
	EndGlobalSection
	GlobalSection(ExtensibilityGlobals) = postSolution
		SolutionGuid = {8B5B9E9A-391C-4AC9-A74E-A9446D7111B8}
	EndGlobalSection
EndGlobal
